
Microsoft Visual Studio Solution File, Format Version 12.00
# Visual Studio 15
VisualStudioVersion = 15.0.26430.16
MinimumVisualStudioVersion = 10.0.40219.1
Project("{FAE04EC0-301F-11D3-BF4B-00C04F79EFBC}") = "Youtube.Android", "Youtube\Youtube.Android\Youtube.Android.csproj", "{8286C763-54B9-4B75-AB2F-5D81DE21F288}"
EndProject
Project("{FAE04EC0-301F-11D3-BF4B-00C04F79EFBC}") = "Youtube", "Youtube\Youtube\Youtube.csproj", "{BB9BC6AE-E1E4-408D-AF05-D728123099D2}"
EndProject
Project("{FAE04EC0-301F-11D3-BF4B-00C04F79EFBC}") = "Youtube.UWP", "Youtube\Youtube.UWP\Youtube.UWP.csproj", "{AE738805-CCD3-4AC0-833E-E51BB307DAF8}"
EndProject
Project("{FAE04EC0-301F-11D3-BF4B-00C04F79EFBC}") = "Youtube.iOS", "Youtube\Youtube.iOS\Youtube.iOS.csproj", "{B6C4ADFB-F587-404A-A4B9-F66F8F8057C1}"
EndProject
Global
	GlobalSection(SolutionConfigurationPlatforms) = preSolution
		Ad-Hoc|Any CPU = Ad-Hoc|Any CPU
		Ad-Hoc|ARM = Ad-Hoc|ARM
		Ad-Hoc|iPhone = Ad-Hoc|iPhone
		Ad-Hoc|iPhoneSimulator = Ad-Hoc|iPhoneSimulator
		Ad-Hoc|x64 = Ad-Hoc|x64
		Ad-Hoc|x86 = Ad-Hoc|x86
		AppStore|Any CPU = AppStore|Any CPU
		AppStore|ARM = AppStore|ARM
		AppStore|iPhone = AppStore|iPhone
		AppStore|iPhoneSimulator = AppStore|iPhoneSimulator
		AppStore|x64 = AppStore|x64
		AppStore|x86 = AppStore|x86
		Debug|Any CPU = Debug|Any CPU
		Debug|ARM = Debug|ARM
		Debug|iPhone = Debug|iPhone
		Debug|iPhoneSimulator = Debug|iPhoneSimulator
		Debug|x64 = Debug|x64
		Debug|x86 = Debug|x86
		Release|Any CPU = Release|Any CPU
		Release|ARM = Release|ARM
		Release|iPhone = Release|iPhone
		Release|iPhoneSimulator = Release|iPhoneSimulator
		Release|x64 = Release|x64
		Release|x86 = Release|x86
	EndGlobalSection
	GlobalSection(ProjectConfigurationPlatforms) = postSolution
		{8286C763-54B9-4B75-AB2F-5D81DE21F288}.Ad-Hoc|Any CPU.ActiveCfg = Release|Any CPU
		{8286C763-54B9-4B75-AB2F-5D81DE21F288}.Ad-Hoc|Any CPU.Build.0 = Release|Any CPU
		{8286C763-54B9-4B75-AB2F-5D81DE21F288}.Ad-Hoc|Any CPU.Deploy.0 = Release|Any CPU
		{8286C763-54B9-4B75-AB2F-5D81DE21F288}.Ad-Hoc|ARM.ActiveCfg = Release|Any CPU
		{8286C763-54B9-4B75-AB2F-5D81DE21F288}.Ad-Hoc|ARM.Build.0 = Release|Any CPU
		{8286C763-54B9-4B75-AB2F-5D81DE21F288}.Ad-Hoc|ARM.Deploy.0 = Release|Any CPU
		{8286C763-54B9-4B75-AB2F-5D81DE21F288}.Ad-Hoc|iPhone.ActiveCfg = Release|Any CPU
		{8286C763-54B9-4B75-AB2F-5D81DE21F288}.Ad-Hoc|iPhone.Build.0 = Release|Any CPU
		{8286C763-54B9-4B75-AB2F-5D81DE21F288}.Ad-Hoc|iPhone.Deploy.0 = Release|Any CPU
		{8286C763-54B9-4B75-AB2F-5D81DE21F288}.Ad-Hoc|iPhoneSimulator.ActiveCfg = Release|Any CPU
		{8286C763-54B9-4B75-AB2F-5D81DE21F288}.Ad-Hoc|iPhoneSimulator.Build.0 = Release|Any CPU
		{8286C763-54B9-4B75-AB2F-5D81DE21F288}.Ad-Hoc|iPhoneSimulator.Deploy.0 = Release|Any CPU
		{8286C763-54B9-4B75-AB2F-5D81DE21F288}.Ad-Hoc|x64.ActiveCfg = Release|Any CPU
		{8286C763-54B9-4B75-AB2F-5D81DE21F288}.Ad-Hoc|x64.Build.0 = Release|Any CPU
		{8286C763-54B9-4B75-AB2F-5D81DE21F288}.Ad-Hoc|x64.Deploy.0 = Release|Any CPU
		{8286C763-54B9-4B75-AB2F-5D81DE21F288}.Ad-Hoc|x86.ActiveCfg = Release|Any CPU
		{8286C763-54B9-4B75-AB2F-5D81DE21F288}.Ad-Hoc|x86.Build.0 = Release|Any CPU
		{8286C763-54B9-4B75-AB2F-5D81DE21F288}.Ad-Hoc|x86.Deploy.0 = Release|Any CPU
		{8286C763-54B9-4B75-AB2F-5D81DE21F288}.AppStore|Any CPU.ActiveCfg = Release|Any CPU
		{8286C763-54B9-4B75-AB2F-5D81DE21F288}.AppStore|Any CPU.Build.0 = Release|Any CPU
		{8286C763-54B9-4B75-AB2F-5D81DE21F288}.AppStore|Any CPU.Deploy.0 = Release|Any CPU
		{8286C763-54B9-4B75-AB2F-5D81DE21F288}.AppStore|ARM.ActiveCfg = Release|Any CPU
		{8286C763-54B9-4B75-AB2F-5D81DE21F288}.AppStore|ARM.Build.0 = Release|Any CPU
		{8286C763-54B9-4B75-AB2F-5D81DE21F288}.AppStore|ARM.Deploy.0 = Release|Any CPU
		{8286C763-54B9-4B75-AB2F-5D81DE21F288}.AppStore|iPhone.ActiveCfg = Release|Any CPU
		{8286C763-54B9-4B75-AB2F-5D81DE21F288}.AppStore|iPhone.Build.0 = Release|Any CPU
		{8286C763-54B9-4B75-AB2F-5D81DE21F288}.AppStore|iPhone.Deploy.0 = Release|Any CPU
		{8286C763-54B9-4B75-AB2F-5D81DE21F288}.AppStore|iPhoneSimulator.ActiveCfg = Release|Any CPU
		{8286C763-54B9-4B75-AB2F-5D81DE21F288}.AppStore|iPhoneSimulator.Build.0 = Release|Any CPU
		{8286C763-54B9-4B75-AB2F-5D81DE21F288}.AppStore|iPhoneSimulator.Deploy.0 = Release|Any CPU
		{8286C763-54B9-4B75-AB2F-5D81DE21F288}.AppStore|x64.ActiveCfg = Release|Any CPU
		{8286C763-54B9-4B75-AB2F-5D81DE21F288}.AppStore|x64.Build.0 = Release|Any CPU
		{8286C763-54B9-4B75-AB2F-5D81DE21F288}.AppStore|x64.Deploy.0 = Release|Any CPU
		{8286C763-54B9-4B75-AB2F-5D81DE21F288}.AppStore|x86.ActiveCfg = Release|Any CPU
		{8286C763-54B9-4B75-AB2F-5D81DE21F288}.AppStore|x86.Build.0 = Release|Any CPU
		{8286C763-54B9-4B75-AB2F-5D81DE21F288}.AppStore|x86.Deploy.0 = Release|Any CPU
		{8286C763-54B9-4B75-AB2F-5D81DE21F288}.Debug|Any CPU.ActiveCfg = Debug|Any CPU
		{8286C763-54B9-4B75-AB2F-5D81DE21F288}.Debug|Any CPU.Build.0 = Debug|Any CPU
		{8286C763-54B9-4B75-AB2F-5D81DE21F288}.Debug|Any CPU.Deploy.0 = Debug|Any CPU
		{8286C763-54B9-4B75-AB2F-5D81DE21F288}.Debug|ARM.ActiveCfg = Debug|Any CPU
		{8286C763-54B9-4B75-AB2F-5D81DE21F288}.Debug|ARM.Build.0 = Debug|Any CPU
		{8286C763-54B9-4B75-AB2F-5D81DE21F288}.Debug|ARM.Deploy.0 = Debug|Any CPU
		{8286C763-54B9-4B75-AB2F-5D81DE21F288}.Debug|iPhone.ActiveCfg = Debug|Any CPU
		{8286C763-54B9-4B75-AB2F-5D81DE21F288}.Debug|iPhone.Build.0 = Debug|Any CPU
		{8286C763-54B9-4B75-AB2F-5D81DE21F288}.Debug|iPhone.Deploy.0 = Debug|Any CPU
		{8286C763-54B9-4B75-AB2F-5D81DE21F288}.Debug|iPhoneSimulator.ActiveCfg = Debug|Any CPU
		{8286C763-54B9-4B75-AB2F-5D81DE21F288}.Debug|iPhoneSimulator.Build.0 = Debug|Any CPU
		{8286C763-54B9-4B75-AB2F-5D81DE21F288}.Debug|iPhoneSimulator.Deploy.0 = Debug|Any CPU
		{8286C763-54B9-4B75-AB2F-5D81DE21F288}.Debug|x64.ActiveCfg = Debug|Any CPU
		{8286C763-54B9-4B75-AB2F-5D81DE21F288}.Debug|x64.Build.0 = Debug|Any CPU
		{8286C763-54B9-4B75-AB2F-5D81DE21F288}.Debug|x64.Deploy.0 = Debug|Any CPU
		{8286C763-54B9-4B75-AB2F-5D81DE21F288}.Debug|x86.ActiveCfg = Debug|Any CPU
		{8286C763-54B9-4B75-AB2F-5D81DE21F288}.Debug|x86.Build.0 = Debug|Any CPU
		{8286C763-54B9-4B75-AB2F-5D81DE21F288}.Debug|x86.Deploy.0 = Debug|Any CPU
		{8286C763-54B9-4B75-AB2F-5D81DE21F288}.Release|Any CPU.ActiveCfg = Release|Any CPU
		{8286C763-54B9-4B75-AB2F-5D81DE21F288}.Release|Any CPU.Build.0 = Release|Any CPU
		{8286C763-54B9-4B75-AB2F-5D81DE21F288}.Release|Any CPU.Deploy.0 = Release|Any CPU
		{8286C763-54B9-4B75-AB2F-5D81DE21F288}.Release|ARM.ActiveCfg = Release|Any CPU
		{8286C763-54B9-4B75-AB2F-5D81DE21F288}.Release|ARM.Build.0 = Release|Any CPU
		{8286C763-54B9-4B75-AB2F-5D81DE21F288}.Release|ARM.Deploy.0 = Release|Any CPU
		{8286C763-54B9-4B75-AB2F-5D81DE21F288}.Release|iPhone.ActiveCfg = Release|Any CPU
		{8286C763-54B9-4B75-AB2F-5D81DE21F288}.Release|iPhone.Build.0 = Release|Any CPU
		{8286C763-54B9-4B75-AB2F-5D81DE21F288}.Release|iPhone.Deploy.0 = Release|Any CPU
		{8286C763-54B9-4B75-AB2F-5D81DE21F288}.Release|iPhoneSimulator.ActiveCfg = Release|Any CPU
		{8286C763-54B9-4B75-AB2F-5D81DE21F288}.Release|iPhoneSimulator.Build.0 = Release|Any CPU
		{8286C763-54B9-4B75-AB2F-5D81DE21F288}.Release|iPhoneSimulator.Deploy.0 = Release|Any CPU
		{8286C763-54B9-4B75-AB2F-5D81DE21F288}.Release|x64.ActiveCfg = Release|Any CPU
		{8286C763-54B9-4B75-AB2F-5D81DE21F288}.Release|x64.Build.0 = Release|Any CPU
		{8286C763-54B9-4B75-AB2F-5D81DE21F288}.Release|x64.Deploy.0 = Release|Any CPU
		{8286C763-54B9-4B75-AB2F-5D81DE21F288}.Release|x86.ActiveCfg = Release|Any CPU
		{8286C763-54B9-4B75-AB2F-5D81DE21F288}.Release|x86.Build.0 = Release|Any CPU
		{8286C763-54B9-4B75-AB2F-5D81DE21F288}.Release|x86.Deploy.0 = Release|Any CPU
		{BB9BC6AE-E1E4-408D-AF05-D728123099D2}.Ad-Hoc|Any CPU.ActiveCfg = Release|Any CPU
		{BB9BC6AE-E1E4-408D-AF05-D728123099D2}.Ad-Hoc|Any CPU.Build.0 = Release|Any CPU
		{BB9BC6AE-E1E4-408D-AF05-D728123099D2}.Ad-Hoc|ARM.ActiveCfg = Release|Any CPU
		{BB9BC6AE-E1E4-408D-AF05-D728123099D2}.Ad-Hoc|ARM.Build.0 = Release|Any CPU
		{BB9BC6AE-E1E4-408D-AF05-D728123099D2}.Ad-Hoc|iPhone.ActiveCfg = Release|Any CPU
		{BB9BC6AE-E1E4-408D-AF05-D728123099D2}.Ad-Hoc|iPhone.Build.0 = Release|Any CPU
		{BB9BC6AE-E1E4-408D-AF05-D728123099D2}.Ad-Hoc|iPhoneSimulator.ActiveCfg = Release|Any CPU
		{BB9BC6AE-E1E4-408D-AF05-D728123099D2}.Ad-Hoc|iPhoneSimulator.Build.0 = Release|Any CPU
		{BB9BC6AE-E1E4-408D-AF05-D728123099D2}.Ad-Hoc|x64.ActiveCfg = Release|Any CPU
		{BB9BC6AE-E1E4-408D-AF05-D728123099D2}.Ad-Hoc|x64.Build.0 = Release|Any CPU
		{BB9BC6AE-E1E4-408D-AF05-D728123099D2}.Ad-Hoc|x86.ActiveCfg = Release|Any CPU
		{BB9BC6AE-E1E4-408D-AF05-D728123099D2}.Ad-Hoc|x86.Build.0 = Release|Any CPU
		{BB9BC6AE-E1E4-408D-AF05-D728123099D2}.AppStore|Any CPU.ActiveCfg = Release|Any CPU
		{BB9BC6AE-E1E4-408D-AF05-D728123099D2}.AppStore|Any CPU.Build.0 = Release|Any CPU
		{BB9BC6AE-E1E4-408D-AF05-D728123099D2}.AppStore|ARM.ActiveCfg = Release|Any CPU
		{BB9BC6AE-E1E4-408D-AF05-D728123099D2}.AppStore|ARM.Build.0 = Release|Any CPU
		{BB9BC6AE-E1E4-408D-AF05-D728123099D2}.AppStore|iPhone.ActiveCfg = Release|Any CPU
		{BB9BC6AE-E1E4-408D-AF05-D728123099D2}.AppStore|iPhone.Build.0 = Release|Any CPU
		{BB9BC6AE-E1E4-408D-AF05-D728123099D2}.AppStore|iPhoneSimulator.ActiveCfg = Release|Any CPU
		{BB9BC6AE-E1E4-408D-AF05-D728123099D2}.AppStore|iPhoneSimulator.Build.0 = Release|Any CPU
		{BB9BC6AE-E1E4-408D-AF05-D728123099D2}.AppStore|x64.ActiveCfg = Release|Any CPU
		{BB9BC6AE-E1E4-408D-AF05-D728123099D2}.AppStore|x64.Build.0 = Release|Any CPU
		{BB9BC6AE-E1E4-408D-AF05-D728123099D2}.AppStore|x86.ActiveCfg = Release|Any CPU
		{BB9BC6AE-E1E4-408D-AF05-D728123099D2}.AppStore|x86.Build.0 = Release|Any CPU
		{BB9BC6AE-E1E4-408D-AF05-D728123099D2}.Debug|Any CPU.ActiveCfg = Debug|Any CPU
		{BB9BC6AE-E1E4-408D-AF05-D728123099D2}.Debug|Any CPU.Build.0 = Debug|Any CPU
		{BB9BC6AE-E1E4-408D-AF05-D728123099D2}.Debug|ARM.ActiveCfg = Debug|Any CPU
		{BB9BC6AE-E1E4-408D-AF05-D728123099D2}.Debug|ARM.Build.0 = Debug|Any CPU
		{BB9BC6AE-E1E4-408D-AF05-D728123099D2}.Debug|iPhone.ActiveCfg = Debug|Any CPU
		{BB9BC6AE-E1E4-408D-AF05-D728123099D2}.Debug|iPhone.Build.0 = Debug|Any CPU
		{BB9BC6AE-E1E4-408D-AF05-D728123099D2}.Debug|iPhoneSimulator.ActiveCfg = Debug|Any CPU
		{BB9BC6AE-E1E4-408D-AF05-D728123099D2}.Debug|iPhoneSimulator.Build.0 = Debug|Any CPU
		{BB9BC6AE-E1E4-408D-AF05-D728123099D2}.Debug|x64.ActiveCfg = Debug|Any CPU
		{BB9BC6AE-E1E4-408D-AF05-D728123099D2}.Debug|x64.Build.0 = Debug|Any CPU
		{BB9BC6AE-E1E4-408D-AF05-D728123099D2}.Debug|x86.ActiveCfg = Debug|Any CPU
		{BB9BC6AE-E1E4-408D-AF05-D728123099D2}.Debug|x86.Build.0 = Debug|Any CPU
		{BB9BC6AE-E1E4-408D-AF05-D728123099D2}.Release|Any CPU.ActiveCfg = Release|Any CPU
		{BB9BC6AE-E1E4-408D-AF05-D728123099D2}.Release|Any CPU.Build.0 = Release|Any CPU
		{BB9BC6AE-E1E4-408D-AF05-D728123099D2}.Release|ARM.ActiveCfg = Release|Any CPU
		{BB9BC6AE-E1E4-408D-AF05-D728123099D2}.Release|ARM.Build.0 = Release|Any CPU
		{BB9BC6AE-E1E4-408D-AF05-D728123099D2}.Release|iPhone.ActiveCfg = Release|Any CPU
		{BB9BC6AE-E1E4-408D-AF05-D728123099D2}.Release|iPhone.Build.0 = Release|Any CPU
		{BB9BC6AE-E1E4-408D-AF05-D728123099D2}.Release|iPhoneSimulator.ActiveCfg = Release|Any CPU
		{BB9BC6AE-E1E4-408D-AF05-D728123099D2}.Release|iPhoneSimulator.Build.0 = Release|Any CPU
		{BB9BC6AE-E1E4-408D-AF05-D728123099D2}.Release|x64.ActiveCfg = Release|Any CPU
		{BB9BC6AE-E1E4-408D-AF05-D728123099D2}.Release|x64.Build.0 = Release|Any CPU
		{BB9BC6AE-E1E4-408D-AF05-D728123099D2}.Release|x86.ActiveCfg = Release|Any CPU
		{BB9BC6AE-E1E4-408D-AF05-D728123099D2}.Release|x86.Build.0 = Release|Any CPU
		{AE738805-CCD3-4AC0-833E-E51BB307DAF8}.Ad-Hoc|Any CPU.ActiveCfg = Release|x86
		{AE738805-CCD3-4AC0-833E-E51BB307DAF8}.Ad-Hoc|Any CPU.Build.0 = Release|x86
		{AE738805-CCD3-4AC0-833E-E51BB307DAF8}.Ad-Hoc|Any CPU.Deploy.0 = Release|x86
		{AE738805-CCD3-4AC0-833E-E51BB307DAF8}.Ad-Hoc|ARM.ActiveCfg = Release|ARM
		{AE738805-CCD3-4AC0-833E-E51BB307DAF8}.Ad-Hoc|ARM.Build.0 = Release|ARM
		{AE738805-CCD3-4AC0-833E-E51BB307DAF8}.Ad-Hoc|ARM.Deploy.0 = Release|ARM
		{AE738805-CCD3-4AC0-833E-E51BB307DAF8}.Ad-Hoc|iPhone.ActiveCfg = Release|x86
		{AE738805-CCD3-4AC0-833E-E51BB307DAF8}.Ad-Hoc|iPhone.Build.0 = Release|x86
		{AE738805-CCD3-4AC0-833E-E51BB307DAF8}.Ad-Hoc|iPhone.Deploy.0 = Release|x86
		{AE738805-CCD3-4AC0-833E-E51BB307DAF8}.Ad-Hoc|iPhoneSimulator.ActiveCfg = Release|x86
		{AE738805-CCD3-4AC0-833E-E51BB307DAF8}.Ad-Hoc|iPhoneSimulator.Build.0 = Release|x86
		{AE738805-CCD3-4AC0-833E-E51BB307DAF8}.Ad-Hoc|iPhoneSimulator.Deploy.0 = Release|x86
		{AE738805-CCD3-4AC0-833E-E51BB307DAF8}.Ad-Hoc|x64.ActiveCfg = Release|x64
		{AE738805-CCD3-4AC0-833E-E51BB307DAF8}.Ad-Hoc|x64.Build.0 = Release|x64
		{AE738805-CCD3-4AC0-833E-E51BB307DAF8}.Ad-Hoc|x64.Deploy.0 = Release|x64
		{AE738805-CCD3-4AC0-833E-E51BB307DAF8}.Ad-Hoc|x86.ActiveCfg = Release|x86
		{AE738805-CCD3-4AC0-833E-E51BB307DAF8}.Ad-Hoc|x86.Build.0 = Release|x86
		{AE738805-CCD3-4AC0-833E-E51BB307DAF8}.Ad-Hoc|x86.Deploy.0 = Release|x86
		{AE738805-CCD3-4AC0-833E-E51BB307DAF8}.AppStore|Any CPU.ActiveCfg = Release|x86
		{AE738805-CCD3-4AC0-833E-E51BB307DAF8}.AppStore|Any CPU.Build.0 = Release|x86
		{AE738805-CCD3-4AC0-833E-E51BB307DAF8}.AppStore|Any CPU.Deploy.0 = Release|x86
		{AE738805-CCD3-4AC0-833E-E51BB307DAF8}.AppStore|ARM.ActiveCfg = Release|ARM
		{AE738805-CCD3-4AC0-833E-E51BB307DAF8}.AppStore|ARM.Build.0 = Release|ARM
		{AE738805-CCD3-4AC0-833E-E51BB307DAF8}.AppStore|ARM.Deploy.0 = Release|ARM
		{AE738805-CCD3-4AC0-833E-E51BB307DAF8}.AppStore|iPhone.ActiveCfg = Release|x86
		{AE738805-CCD3-4AC0-833E-E51BB307DAF8}.AppStore|iPhone.Build.0 = Release|x86
		{AE738805-CCD3-4AC0-833E-E51BB307DAF8}.AppStore|iPhone.Deploy.0 = Release|x86
		{AE738805-CCD3-4AC0-833E-E51BB307DAF8}.AppStore|iPhoneSimulator.ActiveCfg = Release|x86
		{AE738805-CCD3-4AC0-833E-E51BB307DAF8}.AppStore|iPhoneSimulator.Build.0 = Release|x86
		{AE738805-CCD3-4AC0-833E-E51BB307DAF8}.AppStore|iPhoneSimulator.Deploy.0 = Release|x86
		{AE738805-CCD3-4AC0-833E-E51BB307DAF8}.AppStore|x64.ActiveCfg = Release|x64
		{AE738805-CCD3-4AC0-833E-E51BB307DAF8}.AppStore|x64.Build.0 = Release|x64
		{AE738805-CCD3-4AC0-833E-E51BB307DAF8}.AppStore|x64.Deploy.0 = Release|x64
		{AE738805-CCD3-4AC0-833E-E51BB307DAF8}.AppStore|x86.ActiveCfg = Release|x86
		{AE738805-CCD3-4AC0-833E-E51BB307DAF8}.AppStore|x86.Build.0 = Release|x86
		{AE738805-CCD3-4AC0-833E-E51BB307DAF8}.AppStore|x86.Deploy.0 = Release|x86
		{AE738805-CCD3-4AC0-833E-E51BB307DAF8}.Debug|Any CPU.ActiveCfg = Debug|x86
		{AE738805-CCD3-4AC0-833E-E51BB307DAF8}.Debug|Any CPU.Build.0 = Debug|x86
		{AE738805-CCD3-4AC0-833E-E51BB307DAF8}.Debug|Any CPU.Deploy.0 = Debug|x86
		{AE738805-CCD3-4AC0-833E-E51BB307DAF8}.Debug|ARM.ActiveCfg = Debug|ARM
		{AE738805-CCD3-4AC0-833E-E51BB307DAF8}.Debug|ARM.Build.0 = Debug|ARM
		{AE738805-CCD3-4AC0-833E-E51BB307DAF8}.Debug|ARM.Deploy.0 = Debug|ARM
		{AE738805-CCD3-4AC0-833E-E51BB307DAF8}.Debug|iPhone.ActiveCfg = Debug|x86
		{AE738805-CCD3-4AC0-833E-E51BB307DAF8}.Debug|iPhoneSimulator.ActiveCfg = Debug|x86
		{AE738805-CCD3-4AC0-833E-E51BB307DAF8}.Debug|x64.ActiveCfg = Debug|x64
		{AE738805-CCD3-4AC0-833E-E51BB307DAF8}.Debug|x64.Build.0 = Debug|x64
		{AE738805-CCD3-4AC0-833E-E51BB307DAF8}.Debug|x64.Deploy.0 = Debug|x64
		{AE738805-CCD3-4AC0-833E-E51BB307DAF8}.Debug|x86.ActiveCfg = Debug|x86
		{AE738805-CCD3-4AC0-833E-E51BB307DAF8}.Debug|x86.Build.0 = Debug|x86
		{AE738805-CCD3-4AC0-833E-E51BB307DAF8}.Debug|x86.Deploy.0 = Debug|x86
		{AE738805-CCD3-4AC0-833E-E51BB307DAF8}.Release|Any CPU.ActiveCfg = Release|x86
		{AE738805-CCD3-4AC0-833E-E51BB307DAF8}.Release|ARM.ActiveCfg = Release|ARM
		{AE738805-CCD3-4AC0-833E-E51BB307DAF8}.Release|ARM.Build.0 = Release|ARM
		{AE738805-CCD3-4AC0-833E-E51BB307DAF8}.Release|ARM.Deploy.0 = Release|ARM
		{AE738805-CCD3-4AC0-833E-E51BB307DAF8}.Release|iPhone.ActiveCfg = Release|x86
		{AE738805-CCD3-4AC0-833E-E51BB307DAF8}.Release|iPhoneSimulator.ActiveCfg = Release|x86
		{AE738805-CCD3-4AC0-833E-E51BB307DAF8}.Release|x64.ActiveCfg = Release|x64
		{AE738805-CCD3-4AC0-833E-E51BB307DAF8}.Release|x64.Build.0 = Release|x64
		{AE738805-CCD3-4AC0-833E-E51BB307DAF8}.Release|x64.Deploy.0 = Release|x64
		{AE738805-CCD3-4AC0-833E-E51BB307DAF8}.Release|x86.ActiveCfg = Release|x86
		{AE738805-CCD3-4AC0-833E-E51BB307DAF8}.Release|x86.Build.0 = Release|x86
		{AE738805-CCD3-4AC0-833E-E51BB307DAF8}.Release|x86.Deploy.0 = Release|x86
		{B6C4ADFB-F587-404A-A4B9-F66F8F8057C1}.Ad-Hoc|Any CPU.ActiveCfg = Ad-Hoc|iPhone
		{B6C4ADFB-F587-404A-A4B9-F66F8F8057C1}.Ad-Hoc|ARM.ActiveCfg = Ad-Hoc|iPhone
		{B6C4ADFB-F587-404A-A4B9-F66F8F8057C1}.Ad-Hoc|iPhone.ActiveCfg = Ad-Hoc|iPhone
		{B6C4ADFB-F587-404A-A4B9-F66F8F8057C1}.Ad-Hoc|iPhone.Build.0 = Ad-Hoc|iPhone
		{B6C4ADFB-F587-404A-A4B9-F66F8F8057C1}.Ad-Hoc|iPhoneSimulator.ActiveCfg = Ad-Hoc|iPhoneSimulator
		{B6C4ADFB-F587-404A-A4B9-F66F8F8057C1}.Ad-Hoc|iPhoneSimulator.Build.0 = Ad-Hoc|iPhoneSimulator
		{B6C4ADFB-F587-404A-A4B9-F66F8F8057C1}.Ad-Hoc|x64.ActiveCfg = Ad-Hoc|iPhone
		{B6C4ADFB-F587-404A-A4B9-F66F8F8057C1}.Ad-Hoc|x86.ActiveCfg = Ad-Hoc|iPhone
		{B6C4ADFB-F587-404A-A4B9-F66F8F8057C1}.AppStore|Any CPU.ActiveCfg = AppStore|iPhone
		{B6C4ADFB-F587-404A-A4B9-F66F8F8057C1}.AppStore|ARM.ActiveCfg = AppStore|iPhone
		{B6C4ADFB-F587-404A-A4B9-F66F8F8057C1}.AppStore|iPhone.ActiveCfg = AppStore|iPhone
		{B6C4ADFB-F587-404A-A4B9-F66F8F8057C1}.AppStore|iPhone.Build.0 = AppStore|iPhone
		{B6C4ADFB-F587-404A-A4B9-F66F8F8057C1}.AppStore|iPhoneSimulator.ActiveCfg = AppStore|iPhoneSimulator
		{B6C4ADFB-F587-404A-A4B9-F66F8F8057C1}.AppStore|iPhoneSimulator.Build.0 = AppStore|iPhoneSimulator
		{B6C4ADFB-F587-404A-A4B9-F66F8F8057C1}.AppStore|x64.ActiveCfg = AppStore|iPhone
		{B6C4ADFB-F587-404A-A4B9-F66F8F8057C1}.AppStore|x86.ActiveCfg = AppStore|iPhone
		{B6C4ADFB-F587-404A-A4B9-F66F8F8057C1}.Debug|Any CPU.ActiveCfg = Debug|iPhone
		{B6C4ADFB-F587-404A-A4B9-F66F8F8057C1}.Debug|ARM.ActiveCfg = Debug|iPhone
		{B6C4ADFB-F587-404A-A4B9-F66F8F8057C1}.Debug|iPhone.ActiveCfg = Debug|iPhone
		{B6C4ADFB-F587-404A-A4B9-F66F8F8057C1}.Debug|iPhone.Build.0 = Debug|iPhone
		{B6C4ADFB-F587-404A-A4B9-F66F8F8057C1}.Debug|iPhoneSimulator.ActiveCfg = Debug|iPhoneSimulator
		{B6C4ADFB-F587-404A-A4B9-F66F8F8057C1}.Debug|iPhoneSimulator.Build.0 = Debug|iPhoneSimulator
		{B6C4ADFB-F587-404A-A4B9-F66F8F8057C1}.Debug|x64.ActiveCfg = Debug|iPhone
		{B6C4ADFB-F587-404A-A4B9-F66F8F8057C1}.Debug|x86.ActiveCfg = Debug|iPhone
		{B6C4ADFB-F587-404A-A4B9-F66F8F8057C1}.Release|Any CPU.ActiveCfg = Release|iPhone
		{B6C4ADFB-F587-404A-A4B9-F66F8F8057C1}.Release|ARM.ActiveCfg = Release|iPhone
		{B6C4ADFB-F587-404A-A4B9-F66F8F8057C1}.Release|iPhone.ActiveCfg = Release|iPhone
		{B6C4ADFB-F587-404A-A4B9-F66F8F8057C1}.Release|iPhone.Build.0 = Release|iPhone
		{B6C4ADFB-F587-404A-A4B9-F66F8F8057C1}.Release|iPhoneSimulator.ActiveCfg = Release|iPhoneSimulator
		{B6C4ADFB-F587-404A-A4B9-F66F8F8057C1}.Release|iPhoneSimulator.Build.0 = Release|iPhoneSimulator
		{B6C4ADFB-F587-404A-A4B9-F66F8F8057C1}.Release|x64.ActiveCfg = Release|iPhone
		{B6C4ADFB-F587-404A-A4B9-F66F8F8057C1}.Release|x86.ActiveCfg = Release|iPhone
	EndGlobalSection
	GlobalSection(SolutionProperties) = preSolution
		HideSolutionNode = FALSE
	EndGlobalSection
EndGlobal
